{
  "pins" : [
    {
      "identity" : "collectionandtableviewcompatible",
      "kind" : "remoteSourceControl",
      "location" : "https://github.com/kmitj/CollectionAndTableViewCompatible.git",
      "state" : {
        "revision" : "c2a98c63b3f8bce630556c23d5b2aaffc8c4afcf",
        "version" : "0.2.6"
      }
    },
    {
      "identity" : "dtcollectionviewmanager",
      "kind" : "remoteSourceControl",
      "location" : "https://github.com/DenTelezhkin/DTCollectionViewManager.git",
      "state" : {
        "revision" : "6f806eed77450b2bdd95da2ccc088e5dc132b6bc",
        "version" : "11.0.0"
      }
    },
    {
      "identity" : "dtmodelstorage",
      "kind" : "remoteSourceControl",
      "location" : "https://github.com/DenTelezhkin/DTModelStorage",
      "state" : {
        "revision" : "1473c7ed4970b9572e93cf0305c80d54855b3cdf",
        "version" : "11.0.2"
      }
    },
    {
      "identity" : "gzipswift",
      "kind" : "remoteSourceControl",
      "location" : "https://github.com/1024jp/GzipSwift.git",
      "state" : {
        "revision" : "56bf51fdd2fe4b2cf254b2cf34aede3d7caccc6c",
        "version" : "6.1.0"
      }
    },
    {
      "identity" : "jfmarkdownkit",
      "kind" : "remoteSourceControl",
      "location" : "https://github.com/kmitj/JFMarkdownKit.git",
      "state" : {
        "revision" : "f68bb55d1a73122df0de66aaf032b9b344e58592",
        "version" : "1.3.1"
      }
    },
    {
      "identity" : "jfwebsocket",
      "kind" : "remoteSourceControl",
      "location" : "https://github.com/kmitj/JFWebSocket.git",
      "state" : {
        "revision" : "350321d6b5f2804edd727f2edf0569b25cf16959",
        "version" : "2.9.8"
      }
    },
    {
      "identity" : "jmcodingkit",
      "kind" : "remoteSourceControl",
      "location" : "https://github.com/kmitj/JMCodingKit.git",
      "state" : {
        "revision" : "b9aed38a5f4012f63ff8eaf9cff5b14cc0267308",
        "version" : "5.0.2"
      }
    },
    {
      "identity" : "jwtdecode.swift",
      "kind" : "remoteSourceControl",
      "location" : "https://github.com/auth0/JWTDecode.swift.git",
      "state" : {
        "revision" : "58af7278797871e460d79496621b3e5366b865b2",
        "version" : "3.1.0"
      }
    },
    {
      "identity" : "keychain-swift",
      "kind" : "remoteSourceControl",
      "location" : "https://github.com/evgenyneu/keychain-swift.git",
      "state" : {
        "revision" : "5e1b02b6a9dac2a759a1d5dbc175c86bd192a608",
        "version" : "24.0.0"
      }
    },
    {
      "identity" : "libphonenumber-ios",
      "kind" : "remoteSourceControl",
      "location" : "https://github.com/iziz/libPhoneNumber-iOS.git",
      "state" : {
        "revision" : "a6f5cb0a2a264e8396da65b0fb27ecf0df8a975e",
        "version" : "1.1.0"
      }
    },
    {
      "identity" : "pure-parser",
      "kind" : "remoteSourceControl",
      "location" : "https://github.com/JivoSite/pure-parser.git",
      "state" : {
        "revision" : "46ef7d6d05291cd07b0181e6d859ffc9a79d44fe",
        "version" : "1.0.4"
      }
    },
    {
      "identity" : "reachability.swift",
      "kind" : "remoteSourceControl",
      "location" : "https://github.com/ashleymills/Reachability.swift.git",
      "state" : {
        "revision" : "21d1dc412cfecbe6e34f1f4c4eb88d3f912654a6",
        "version" : "5.2.4"
      }
    },
    {
      "identity" : "swift-graylog",
      "kind" : "remoteSourceControl",
      "location" : "https://github.com/kmitj/swift-graylog.git",
      "state" : {
        "revision" : "1f36f83dde141140e5eb3a5ec5bd1a4ed66f5afa",
        "version" : "1.0.1"
      }
    },
    {
      "identity" : "swiftdate",
      "kind" : "remoteSourceControl",
      "location" : "https://github.com/malcommac/SwiftDate.git",
      "state" : {
        "revision" : "5d943224c3bb173e6ecf27295611615eba90c80e",
        "version" : "7.0.0"
      }
    },
    {
      "identity" : "typedtextattributes",
      "kind" : "remoteSourceControl",
      "location" : "https://github.com/FluidGroup/TypedTextAttributes.git",
      "state" : {
        "revision" : "66cee4641c156f496c284e83556c39dc91dc90a8",
        "version" : "2.0.0"
      }
    },
    {
      "identity" : "xcglogger",
      "kind" : "remoteSourceControl",
      "location" : "https://github.com/DaveWoodCom/XCGLogger.git",
      "state" : {
        "revision" : "4def3c1c772ca90ad5e7bfc8ac437c3b0b4276cf",
        "version" : "7.1.5"
      }
    }
  ],
  "version" : 2
}
